
Microsoft Visual Studio Solution File, Format Version 12.00
# Visual Studio Version 17
VisualStudioVersion = 17.5.33530.505
MinimumVisualStudioVersion = 10.0.40219.1
Project("{FAE04EC0-301F-11D3-BF4B-00C04F79EFBC}") = "Ejercicio tema 3", "Ejercicio tema 3\Ejercicio tema 3.csproj", "{69C7968C-AE3D-4251-821B-85FC6D6DF315}"
EndProject
Global
	GlobalSection(SolutionConfigurationPlatforms) = preSolution
		Debug|Any CPU = Debug|Any CPU
		Release|Any CPU = Release|Any CPU
	EndGlobalSection
	GlobalSection(ProjectConfigurationPlatforms) = postSolution
		{69C7968C-AE3D-4251-821B-85FC6D6DF315}.Debug|Any CPU.ActiveCfg = Debug|Any CPU
		{69C7968C-AE3D-4251-821B-85FC6D6DF315}.Debug|Any CPU.Build.0 = Debug|Any CPU
		{69C7968C-AE3D-4251-821B-85FC6D6DF315}.Release|Any CPU.ActiveCfg = Release|Any CPU
		{69C7968C-AE3D-4251-821B-85FC6D6DF315}.Release|Any CPU.Build.0 = Release|Any CPU
	EndGlobalSection
	GlobalSection(SolutionProperties) = preSolution
		HideSolutionNode = FALSE
	EndGlobalSection
	GlobalSection(ExtensibilityGlobals) = postSolution
		SolutionGuid = {59AE16BD-7C8F-46CC-9985-4002001DF3F6}
	EndGlobalSection
EndGlobal
